<?xml version="1.0" encoding="utf-8"?>
<Project ToolsVersion="4.0" xmlns="http://schemas.microsoft.com/developer/msbuild/2003">
  <ItemGroup>
    <Filter Include="Source Files">
      <UniqueIdentifier>{4FC737F1-C7A5-4376-A066-2A32D752A2FF}</UniqueIdentifier>
      <Extensions>cpp;c;cc;cxx;c++;cppm;ixx;def;odl;idl;hpj;bat;asm;asmx</Extensions>
    </Filter>
    <Filter Include="Header Files">
      <UniqueIdentifier>{93995380-89BD-4b04-88EB-625FBE52EBFB}</UniqueIdentifier>
      <Extensions>h;hh;hpp;hxx;h++;hm;inl;inc;ipp;xsd</Extensions>
    </Filter>
    <Filter Include="Resource Files">
      <UniqueIdentifier>{67DA6AB6-F800-4c08-8B7A-83BB121AAD01}</UniqueIdentifier>
      <Extensions>rc;ico;cur;bmp;dlg;rc2;rct;bin;rgs;gif;jpg;jpeg;jpe;resx;tiff;tif;png;wav;mfcribbon-ms</Extensions>
    </Filter>
    <Filter Include="Header Files\Module">
      <UniqueIdentifier>{7f870b4f-d987-4ee2-a1ab-4c59acf71917}</UniqueIdentifier>
    </Filter>
    <Filter Include="Source Files\Module">
      <UniqueIdentifier>{8c47bad0-cad5-4460-a793-77df80875ec5}</UniqueIdentifier>
    </Filter>
    <Filter Include="Header Files\Module\Hardware">
      <UniqueIdentifier>{4ca994d6-01b5-4006-a7e6-ab40a820effa}</UniqueIdentifier>
    </Filter>
    <Filter Include="Source Files\Module\Hardware">
      <UniqueIdentifier>{c054db9d-f412-4cb4-a221-eef1a815bc84}</UniqueIdentifier>
    </Filter>
  </ItemGroup>
  <ItemGroup>
    <ClCompile Include="main.cpp">
      <Filter>Source Files</Filter>
    </ClCompile>
    <ClCompile Include="Program.cpp">
      <Filter>Source Files</Filter>
    </ClCompile>
    <ClCompile Include="ConsoleManager.cpp">
      <Filter>Source Files</Filter>
    </ClCompile>
    <ClCompile Include="ModuleBase.cpp">
      <Filter>Source Files\Module</Filter>
    </ClCompile>
    <ClCompile Include="ModuleMaster.cpp">
      <Filter>Source Files\Module</Filter>
    </ClCompile>
    <ClCompile Include="SimController.cpp">
      <Filter>Source Files</Filter>
    </ClCompile>
    <ClCompile Include="ModuleHardware.cpp">
      <Filter>Source Files\Module</Filter>
    </ClCompile>
    <ClCompile Include="FlightControlUnit.cpp">
      <Filter>Source Files\Module\Hardware</Filter>
    </ClCompile>
    <ClCompile Include="SimServices.cpp">
      <Filter>Source Files</Filter>
    </ClCompile>
  </ItemGroup>
  <ItemGroup>
    <ClInclude Include="Program.h">
      <Filter>Header Files</Filter>
    </ClInclude>
    <ClInclude Include="ConsoleManager.h">
      <Filter>Header Files</Filter>
    </ClInclude>
    <ClInclude Include="ModuleBase.h">
      <Filter>Header Files\Module</Filter>
    </ClInclude>
    <ClInclude Include="ModuleMaster.h">
      <Filter>Header Files\Module</Filter>
    </ClInclude>
    <ClInclude Include="SimController.h">
      <Filter>Header Files</Filter>
    </ClInclude>
    <ClInclude Include="ModuleHardware.h">
      <Filter>Header Files\Module</Filter>
    </ClInclude>
    <ClInclude Include="FlightControlUnit.h">
      <Filter>Header Files\Module\Hardware</Filter>
    </ClInclude>
    <ClInclude Include="SimServices.h">
      <Filter>Header Files</Filter>
    </ClInclude>
    <ClInclude Include="Button.h">
      <Filter>Header Files\Module\Hardware</Filter>
    </ClInclude>
  </ItemGroup>
</Project>